
Microsoft Visual Studio Solution File, Format Version 12.00
# Visual Studio 15
VisualStudioVersion = 15.0.28307.421
MinimumVisualStudioVersion = 10.0.40219.1
Project("{FAE04EC0-301F-11D3-BF4B-00C04F79EFBC}") = "Task", "Task\Task.csproj", "{6A629D09-973F-4CD8-9612-6B00188166B5}"
EndProject
Global
	GlobalSection(SolutionConfigurationPlatforms) = preSolution
		Debug|Any CPU = Debug|Any CPU
		Release|Any CPU = Release|Any CPU
	EndGlobalSection
	GlobalSection(ProjectConfigurationPlatforms) = postSolution
		{6A629D09-973F-4CD8-9612-6B00188166B5}.Debug|Any CPU.ActiveCfg = Debug|Any CPU
		{6A629D09-973F-4CD8-9612-6B00188166B5}.Debug|Any CPU.Build.0 = Debug|Any CPU
		{6A629D09-973F-4CD8-9612-6B00188166B5}.Release|Any CPU.ActiveCfg = Release|Any CPU
		{6A629D09-973F-4CD8-9612-6B00188166B5}.Release|Any CPU.Build.0 = Release|Any CPU
	EndGlobalSection
	GlobalSection(SolutionProperties) = preSolution
		HideSolutionNode = FALSE
	EndGlobalSection
	GlobalSection(ExtensibilityGlobals) = postSolution
		SolutionGuid = {903971F4-AD9D-4326-BAD0-B4E2DF5C1DFE}
	EndGlobalSection
EndGlobal
